
Microsoft Visual Studio Solution File, Format Version 12.00
# Visual Studio Version 17
VisualStudioVersion = 17.0.31717.71
MinimumVisualStudioVersion = 10.0.40219.1
Project("{9A19103F-16F7-4668-BE54-9A1E7A4F7556}") = "Blog", "Blog\Blog.csproj", "{A287D9F4-7051-4F69-9E18-E3E9B52FB948}"
EndProject
Project("{2150E333-8FDC-42A3-9474-1A3956D46DE8}") = "Solution Items", "Solution Items", "{42A7550E-4BB8-4506-A5C6-34F5E1812F17}"
	ProjectSection(SolutionItems) = preProject
		.github\workflows\azure-static-web-apps-brave-rock-0aac63d03.yml = .github\workflows\azure-static-web-apps-brave-rock-0aac63d03.yml
		.github\workflows\azure-static-web-apps-witty-dune-0a1a77903.yml = .github\workflows\azure-static-web-apps-witty-dune-0a1a77903.yml
		lighthouserc.json = lighthouserc.json
	EndProjectSection
EndProject
Project("{9A19103F-16F7-4668-BE54-9A1E7A4F7556}") = "Blog.Func", "Blog.Func\Blog.Func.csproj", "{ACB215BB-416A-41DF-858F-C46D2AAA9128}"
EndProject
Project("{9A19103F-16F7-4668-BE54-9A1E7A4F7556}") = "Blog.Core", "Blog.Core\Blog.Core.csproj", "{2C9B5DB0-7B77-4E4A-8A94-FF48C111E184}"
EndProject
Project("{9A19103F-16F7-4668-BE54-9A1E7A4F7556}") = "Blog.Sitemap", "Blog.Sitemap\Blog.Sitemap.csproj", "{05680382-0D5A-4AC8-9B1E-8431CAAEE11C}"
EndProject
Project("{9A19103F-16F7-4668-BE54-9A1E7A4F7556}") = "ImpSoft.OctopusEnergy.Api", "ImpSoft.OctopusEnergy.Api\ImpSoft.OctopusEnergy.Api.csproj", "{62E0CA92-FD81-49A9-A80B-41485E15564D}"
EndProject
Project("{9A19103F-16F7-4668-BE54-9A1E7A4F7556}") = "ImpSoft.OctopusEnergy.Api.Tests", "ImpSoft.OctopusEnergy.Api.Tests\ImpSoft.OctopusEnergy.Api.Tests.csproj", "{3DE32B73-51A8-4182-9423-56FD82B8CF83}"
EndProject
Project("{9A19103F-16F7-4668-BE54-9A1E7A4F7556}") = "Blog.TimerFunction", "Blog.TimerFunction\Blog.TimerFunction.csproj", "{EE2609AF-EC55-4F5C-B96E-E3758DEC6977}"
EndProject
Global
	GlobalSection(SolutionConfigurationPlatforms) = preSolution
		Debug|Any CPU = Debug|Any CPU
		Release|Any CPU = Release|Any CPU
	EndGlobalSection
	GlobalSection(ProjectConfigurationPlatforms) = postSolution
		{A287D9F4-7051-4F69-9E18-E3E9B52FB948}.Debug|Any CPU.ActiveCfg = Debug|Any CPU
		{A287D9F4-7051-4F69-9E18-E3E9B52FB948}.Debug|Any CPU.Build.0 = Debug|Any CPU
		{A287D9F4-7051-4F69-9E18-E3E9B52FB948}.Release|Any CPU.ActiveCfg = Release|Any CPU
		{A287D9F4-7051-4F69-9E18-E3E9B52FB948}.Release|Any CPU.Build.0 = Release|Any CPU
		{ACB215BB-416A-41DF-858F-C46D2AAA9128}.Debug|Any CPU.ActiveCfg = Debug|Any CPU
		{ACB215BB-416A-41DF-858F-C46D2AAA9128}.Debug|Any CPU.Build.0 = Debug|Any CPU
		{ACB215BB-416A-41DF-858F-C46D2AAA9128}.Release|Any CPU.ActiveCfg = Release|Any CPU
		{ACB215BB-416A-41DF-858F-C46D2AAA9128}.Release|Any CPU.Build.0 = Release|Any CPU
		{2C9B5DB0-7B77-4E4A-8A94-FF48C111E184}.Debug|Any CPU.ActiveCfg = Debug|Any CPU
		{2C9B5DB0-7B77-4E4A-8A94-FF48C111E184}.Debug|Any CPU.Build.0 = Debug|Any CPU
		{2C9B5DB0-7B77-4E4A-8A94-FF48C111E184}.Release|Any CPU.ActiveCfg = Release|Any CPU
		{2C9B5DB0-7B77-4E4A-8A94-FF48C111E184}.Release|Any CPU.Build.0 = Release|Any CPU
		{05680382-0D5A-4AC8-9B1E-8431CAAEE11C}.Debug|Any CPU.ActiveCfg = Debug|Any CPU
		{05680382-0D5A-4AC8-9B1E-8431CAAEE11C}.Debug|Any CPU.Build.0 = Debug|Any CPU
		{05680382-0D5A-4AC8-9B1E-8431CAAEE11C}.Release|Any CPU.ActiveCfg = Release|Any CPU
		{05680382-0D5A-4AC8-9B1E-8431CAAEE11C}.Release|Any CPU.Build.0 = Release|Any CPU
		{62E0CA92-FD81-49A9-A80B-41485E15564D}.Debug|Any CPU.ActiveCfg = Debug|Any CPU
		{62E0CA92-FD81-49A9-A80B-41485E15564D}.Debug|Any CPU.Build.0 = Debug|Any CPU
		{62E0CA92-FD81-49A9-A80B-41485E15564D}.Release|Any CPU.ActiveCfg = Release|Any CPU
		{62E0CA92-FD81-49A9-A80B-41485E15564D}.Release|Any CPU.Build.0 = Release|Any CPU
		{3DE32B73-51A8-4182-9423-56FD82B8CF83}.Debug|Any CPU.ActiveCfg = Debug|Any CPU
		{3DE32B73-51A8-4182-9423-56FD82B8CF83}.Debug|Any CPU.Build.0 = Debug|Any CPU
		{3DE32B73-51A8-4182-9423-56FD82B8CF83}.Release|Any CPU.ActiveCfg = Release|Any CPU
		{3DE32B73-51A8-4182-9423-56FD82B8CF83}.Release|Any CPU.Build.0 = Release|Any CPU
		{EE2609AF-EC55-4F5C-B96E-E3758DEC6977}.Debug|Any CPU.ActiveCfg = Debug|Any CPU
		{EE2609AF-EC55-4F5C-B96E-E3758DEC6977}.Debug|Any CPU.Build.0 = Debug|Any CPU
		{EE2609AF-EC55-4F5C-B96E-E3758DEC6977}.Release|Any CPU.ActiveCfg = Release|Any CPU
		{EE2609AF-EC55-4F5C-B96E-E3758DEC6977}.Release|Any CPU.Build.0 = Release|Any CPU
	EndGlobalSection
	GlobalSection(SolutionProperties) = preSolution
		HideSolutionNode = FALSE
	EndGlobalSection
	GlobalSection(ExtensibilityGlobals) = postSolution
		SolutionGuid = {E1F476CE-5BDC-49C3-8997-F8902BDF9737}
	EndGlobalSection
EndGlobal
