
Microsoft Visual Studio Solution File, Format Version 12.00
# Visual Studio Version 17
VisualStudioVersion = 17.0.31612.314
MinimumVisualStudioVersion = 10.0.40219.1
Project("{FAE04EC0-301F-11D3-BF4B-00C04F79EFBC}") = "Blog", "Blog\Blog.csproj", "{DE5896ED-3122-423F-977C-97769A55F865}"
EndProject
Global
	GlobalSection(SolutionConfigurationPlatforms) = preSolution
		Debug|Any CPU = Debug|Any CPU
		Release|Any CPU = Release|Any CPU
	EndGlobalSection
	GlobalSection(ProjectConfigurationPlatforms) = postSolution
		{DE5896ED-3122-423F-977C-97769A55F865}.Debug|Any CPU.ActiveCfg = Debug|Any CPU
		{DE5896ED-3122-423F-977C-97769A55F865}.Debug|Any CPU.Build.0 = Debug|Any CPU
		{DE5896ED-3122-423F-977C-97769A55F865}.Release|Any CPU.ActiveCfg = Release|Any CPU
		{DE5896ED-3122-423F-977C-97769A55F865}.Release|Any CPU.Build.0 = Release|Any CPU
	EndGlobalSection
	GlobalSection(SolutionProperties) = preSolution
		HideSolutionNode = FALSE
	EndGlobalSection
	GlobalSection(ExtensibilityGlobals) = postSolution
		SolutionGuid = {E1F476CE-5BDC-49C3-8997-F8902BDF9737}
	EndGlobalSection
EndGlobal
